
Microsoft Visual Studio Solution File, Format Version 12.00
# Visual Studio Version 17
VisualStudioVersion = 17.3.32929.385
MinimumVisualStudioVersion = 10.0.40219.1
Project("{F184B08F-C81C-45F6-A57F-5ABD9991F28F}") = "Rebar Weight", "Rebar Weight\Rebar Weight.vbproj", "{97343751-D791-46FE-811F-C35407EE523B}"
EndProject
Project("{54435603-DBB4-11D2-8724-00A0C9A8B90C}") = "Rebar Weight Setup", "Rebar Weight Setup\Rebar Weight Setup.vdproj", "{F7A0894F-1B1B-4252-964E-5DF9E5BB1A18}"
EndProject
Global
	GlobalSection(SolutionConfigurationPlatforms) = preSolution
		Debug|Any CPU = Debug|Any CPU
		Release|Any CPU = Release|Any CPU
	EndGlobalSection
	GlobalSection(ProjectConfigurationPlatforms) = postSolution
		{97343751-D791-46FE-811F-C35407EE523B}.Debug|Any CPU.ActiveCfg = Debug|Any CPU
		{97343751-D791-46FE-811F-C35407EE523B}.Debug|Any CPU.Build.0 = Debug|Any CPU
		{97343751-D791-46FE-811F-C35407EE523B}.Release|Any CPU.ActiveCfg = Release|Any CPU
		{97343751-D791-46FE-811F-C35407EE523B}.Release|Any CPU.Build.0 = Release|Any CPU
		{F7A0894F-1B1B-4252-964E-5DF9E5BB1A18}.Debug|Any CPU.ActiveCfg = Debug
		{F7A0894F-1B1B-4252-964E-5DF9E5BB1A18}.Release|Any CPU.ActiveCfg = Release
	EndGlobalSection
	GlobalSection(SolutionProperties) = preSolution
		HideSolutionNode = FALSE
	EndGlobalSection
	GlobalSection(ExtensibilityGlobals) = postSolution
		SolutionGuid = {29BF69F6-4A81-401E-8647-31FB3A454C9B}
	EndGlobalSection
EndGlobal
